
Microsoft Visual Studio Solution File, Format Version 12.00
# Visual Studio Version 17
VisualStudioVersion = 17.13.35931.197
MinimumVisualStudioVersion = 10.0.40219.1
Project("{FAE04EC0-301F-11D3-BF4B-00C04F79EFBC}") = "Project Add 2 numbers", "Project Add 2 numbers\Project Add 2 numbers.csproj", "{31F05CD7-F260-43A3-9FAE-A4C9BBEB94D5}"
EndProject
Project("{FAE04EC0-301F-11D3-BF4B-00C04F79EFBC}") = "Project Add 2 numbers.Tests", "Project Add 2 numbers.Tests\Project Add 2 numbers.Tests.csproj", "{F7A43CDB-BE57-4C8A-ABFA-35B8486427D2}"
EndProject
Project("{FAE04EC0-301F-11D3-BF4B-00C04F79EFBC}") = "Project Add 2 numbers.App", "Project Add 2 numbers.App\Project Add 2 numbers.App.csproj", "{5836CE78-3385-4F7C-AFB4-06CB4D24C220}"
EndProject
Global
	GlobalSection(SolutionConfigurationPlatforms) = preSolution
		Debug|Any CPU = Debug|Any CPU
		Debug|x64 = Debug|x64
		Debug|x86 = Debug|x86
		Release|Any CPU = Release|Any CPU
		Release|x64 = Release|x64
		Release|x86 = Release|x86
	EndGlobalSection
	GlobalSection(ProjectConfigurationPlatforms) = postSolution
		{31F05CD7-F260-43A3-9FAE-A4C9BBEB94D5}.Debug|Any CPU.ActiveCfg = Debug|Any CPU
		{31F05CD7-F260-43A3-9FAE-A4C9BBEB94D5}.Debug|Any CPU.Build.0 = Debug|Any CPU
		{31F05CD7-F260-43A3-9FAE-A4C9BBEB94D5}.Debug|x64.ActiveCfg = Debug|Any CPU
		{31F05CD7-F260-43A3-9FAE-A4C9BBEB94D5}.Debug|x64.Build.0 = Debug|Any CPU
		{31F05CD7-F260-43A3-9FAE-A4C9BBEB94D5}.Debug|x86.ActiveCfg = Debug|Any CPU
		{31F05CD7-F260-43A3-9FAE-A4C9BBEB94D5}.Debug|x86.Build.0 = Debug|Any CPU
		{31F05CD7-F260-43A3-9FAE-A4C9BBEB94D5}.Release|Any CPU.ActiveCfg = Release|Any CPU
		{31F05CD7-F260-43A3-9FAE-A4C9BBEB94D5}.Release|Any CPU.Build.0 = Release|Any CPU
		{31F05CD7-F260-43A3-9FAE-A4C9BBEB94D5}.Release|x64.ActiveCfg = Release|Any CPU
		{31F05CD7-F260-43A3-9FAE-A4C9BBEB94D5}.Release|x64.Build.0 = Release|Any CPU
		{31F05CD7-F260-43A3-9FAE-A4C9BBEB94D5}.Release|x86.ActiveCfg = Release|Any CPU
		{31F05CD7-F260-43A3-9FAE-A4C9BBEB94D5}.Release|x86.Build.0 = Release|Any CPU
		{F7A43CDB-BE57-4C8A-ABFA-35B8486427D2}.Debug|Any CPU.ActiveCfg = Debug|Any CPU
		{F7A43CDB-BE57-4C8A-ABFA-35B8486427D2}.Debug|Any CPU.Build.0 = Debug|Any CPU
		{F7A43CDB-BE57-4C8A-ABFA-35B8486427D2}.Debug|x64.ActiveCfg = Debug|Any CPU
		{F7A43CDB-BE57-4C8A-ABFA-35B8486427D2}.Debug|x64.Build.0 = Debug|Any CPU
		{F7A43CDB-BE57-4C8A-ABFA-35B8486427D2}.Debug|x86.ActiveCfg = Debug|Any CPU
		{F7A43CDB-BE57-4C8A-ABFA-35B8486427D2}.Debug|x86.Build.0 = Debug|Any CPU
		{F7A43CDB-BE57-4C8A-ABFA-35B8486427D2}.Release|Any CPU.ActiveCfg = Release|Any CPU
		{F7A43CDB-BE57-4C8A-ABFA-35B8486427D2}.Release|Any CPU.Build.0 = Release|Any CPU
		{F7A43CDB-BE57-4C8A-ABFA-35B8486427D2}.Release|x64.ActiveCfg = Release|Any CPU
		{F7A43CDB-BE57-4C8A-ABFA-35B8486427D2}.Release|x64.Build.0 = Release|Any CPU
		{F7A43CDB-BE57-4C8A-ABFA-35B8486427D2}.Release|x86.ActiveCfg = Release|Any CPU
		{F7A43CDB-BE57-4C8A-ABFA-35B8486427D2}.Release|x86.Build.0 = Release|Any CPU
		{5836CE78-3385-4F7C-AFB4-06CB4D24C220}.Debug|Any CPU.ActiveCfg = Debug|Any CPU
		{5836CE78-3385-4F7C-AFB4-06CB4D24C220}.Debug|Any CPU.Build.0 = Debug|Any CPU
		{5836CE78-3385-4F7C-AFB4-06CB4D24C220}.Debug|x64.ActiveCfg = Debug|Any CPU
		{5836CE78-3385-4F7C-AFB4-06CB4D24C220}.Debug|x64.Build.0 = Debug|Any CPU
		{5836CE78-3385-4F7C-AFB4-06CB4D24C220}.Debug|x86.ActiveCfg = Debug|Any CPU
		{5836CE78-3385-4F7C-AFB4-06CB4D24C220}.Debug|x86.Build.0 = Debug|Any CPU
		{5836CE78-3385-4F7C-AFB4-06CB4D24C220}.Release|Any CPU.ActiveCfg = Release|Any CPU
		{5836CE78-3385-4F7C-AFB4-06CB4D24C220}.Release|Any CPU.Build.0 = Release|Any CPU
		{5836CE78-3385-4F7C-AFB4-06CB4D24C220}.Release|x64.ActiveCfg = Release|Any CPU
		{5836CE78-3385-4F7C-AFB4-06CB4D24C220}.Release|x64.Build.0 = Release|Any CPU
		{5836CE78-3385-4F7C-AFB4-06CB4D24C220}.Release|x86.ActiveCfg = Release|Any CPU
		{5836CE78-3385-4F7C-AFB4-06CB4D24C220}.Release|x86.Build.0 = Release|Any CPU
	EndGlobalSection
	GlobalSection(SolutionProperties) = preSolution
		HideSolutionNode = FALSE
	EndGlobalSection
	GlobalSection(ExtensibilityGlobals) = postSolution
		SolutionGuid = {505A2E0B-A6C0-4DA0-BDF7-C706BC040F0D}
	EndGlobalSection
EndGlobal
